
Microsoft Visual Studio Solution File, Format Version 12.00
# Visual Studio 15
VisualStudioVersion = 15.0.27130.2003
MinimumVisualStudioVersion = 10.0.40219.1
Project("{FAE04EC0-301F-11D3-BF4B-00C04F79EFBC}") = "KraftSales.Android", "KraftSales\KraftSales.Android\KraftSales.Android.csproj", "{3D229D05-D4EE-431A-B34B-41A8C427239D}"
EndProject
Project("{FAE04EC0-301F-11D3-BF4B-00C04F79EFBC}") = "KraftSales.iOS", "KraftSales\KraftSales.iOS\KraftSales.iOS.csproj", "{43454378-5925-4B2B-9F74-88283C74B48A}"
EndProject
Project("{FAE04EC0-301F-11D3-BF4B-00C04F79EFBC}") = "KraftSales", "KraftSales\KraftSales\KraftSales.csproj", "{73FCE1F7-E3D0-4F6D-B89A-E0BB7CE57361}"
EndProject
Global
	GlobalSection(SolutionConfigurationPlatforms) = preSolution
		Ad-Hoc|Any CPU = Ad-Hoc|Any CPU
		Ad-Hoc|iPhone = Ad-Hoc|iPhone
		Ad-Hoc|iPhoneSimulator = Ad-Hoc|iPhoneSimulator
		AppStore|Any CPU = AppStore|Any CPU
		AppStore|iPhone = AppStore|iPhone
		AppStore|iPhoneSimulator = AppStore|iPhoneSimulator
		Debug|Any CPU = Debug|Any CPU
		Debug|iPhone = Debug|iPhone
		Debug|iPhoneSimulator = Debug|iPhoneSimulator
		Release|Any CPU = Release|Any CPU
		Release|iPhone = Release|iPhone
		Release|iPhoneSimulator = Release|iPhoneSimulator
	EndGlobalSection
	GlobalSection(ProjectConfigurationPlatforms) = postSolution
		{3D229D05-D4EE-431A-B34B-41A8C427239D}.Ad-Hoc|Any CPU.ActiveCfg = Release|Any CPU
		{3D229D05-D4EE-431A-B34B-41A8C427239D}.Ad-Hoc|Any CPU.Build.0 = Release|Any CPU
		{3D229D05-D4EE-431A-B34B-41A8C427239D}.Ad-Hoc|Any CPU.Deploy.0 = Release|Any CPU
		{3D229D05-D4EE-431A-B34B-41A8C427239D}.Ad-Hoc|iPhone.ActiveCfg = Release|Any CPU
		{3D229D05-D4EE-431A-B34B-41A8C427239D}.Ad-Hoc|iPhone.Build.0 = Release|Any CPU
		{3D229D05-D4EE-431A-B34B-41A8C427239D}.Ad-Hoc|iPhone.Deploy.0 = Release|Any CPU
		{3D229D05-D4EE-431A-B34B-41A8C427239D}.Ad-Hoc|iPhoneSimulator.ActiveCfg = Release|Any CPU
		{3D229D05-D4EE-431A-B34B-41A8C427239D}.Ad-Hoc|iPhoneSimulator.Build.0 = Release|Any CPU
		{3D229D05-D4EE-431A-B34B-41A8C427239D}.Ad-Hoc|iPhoneSimulator.Deploy.0 = Release|Any CPU
		{3D229D05-D4EE-431A-B34B-41A8C427239D}.AppStore|Any CPU.ActiveCfg = Release|Any CPU
		{3D229D05-D4EE-431A-B34B-41A8C427239D}.AppStore|Any CPU.Build.0 = Release|Any CPU
		{3D229D05-D4EE-431A-B34B-41A8C427239D}.AppStore|Any CPU.Deploy.0 = Release|Any CPU
		{3D229D05-D4EE-431A-B34B-41A8C427239D}.AppStore|iPhone.ActiveCfg = Release|Any CPU
		{3D229D05-D4EE-431A-B34B-41A8C427239D}.AppStore|iPhone.Build.0 = Release|Any CPU
		{3D229D05-D4EE-431A-B34B-41A8C427239D}.AppStore|iPhone.Deploy.0 = Release|Any CPU
		{3D229D05-D4EE-431A-B34B-41A8C427239D}.AppStore|iPhoneSimulator.ActiveCfg = Release|Any CPU
		{3D229D05-D4EE-431A-B34B-41A8C427239D}.AppStore|iPhoneSimulator.Build.0 = Release|Any CPU
		{3D229D05-D4EE-431A-B34B-41A8C427239D}.AppStore|iPhoneSimulator.Deploy.0 = Release|Any CPU
		{3D229D05-D4EE-431A-B34B-41A8C427239D}.Debug|Any CPU.ActiveCfg = Debug|Any CPU
		{3D229D05-D4EE-431A-B34B-41A8C427239D}.Debug|Any CPU.Build.0 = Debug|Any CPU
		{3D229D05-D4EE-431A-B34B-41A8C427239D}.Debug|Any CPU.Deploy.0 = Debug|Any CPU
		{3D229D05-D4EE-431A-B34B-41A8C427239D}.Debug|iPhone.ActiveCfg = Debug|Any CPU
		{3D229D05-D4EE-431A-B34B-41A8C427239D}.Debug|iPhone.Build.0 = Debug|Any CPU
		{3D229D05-D4EE-431A-B34B-41A8C427239D}.Debug|iPhone.Deploy.0 = Debug|Any CPU
		{3D229D05-D4EE-431A-B34B-41A8C427239D}.Debug|iPhoneSimulator.ActiveCfg = Debug|Any CPU
		{3D229D05-D4EE-431A-B34B-41A8C427239D}.Debug|iPhoneSimulator.Build.0 = Debug|Any CPU
		{3D229D05-D4EE-431A-B34B-41A8C427239D}.Debug|iPhoneSimulator.Deploy.0 = Debug|Any CPU
		{3D229D05-D4EE-431A-B34B-41A8C427239D}.Release|Any CPU.ActiveCfg = Release|Any CPU
		{3D229D05-D4EE-431A-B34B-41A8C427239D}.Release|Any CPU.Build.0 = Release|Any CPU
		{3D229D05-D4EE-431A-B34B-41A8C427239D}.Release|Any CPU.Deploy.0 = Release|Any CPU
		{3D229D05-D4EE-431A-B34B-41A8C427239D}.Release|iPhone.ActiveCfg = Release|Any CPU
		{3D229D05-D4EE-431A-B34B-41A8C427239D}.Release|iPhone.Build.0 = Release|Any CPU
		{3D229D05-D4EE-431A-B34B-41A8C427239D}.Release|iPhone.Deploy.0 = Release|Any CPU
		{3D229D05-D4EE-431A-B34B-41A8C427239D}.Release|iPhoneSimulator.ActiveCfg = Release|Any CPU
		{3D229D05-D4EE-431A-B34B-41A8C427239D}.Release|iPhoneSimulator.Build.0 = Release|Any CPU
		{3D229D05-D4EE-431A-B34B-41A8C427239D}.Release|iPhoneSimulator.Deploy.0 = Release|Any CPU
		{43454378-5925-4B2B-9F74-88283C74B48A}.Ad-Hoc|Any CPU.ActiveCfg = Ad-Hoc|iPhone
		{43454378-5925-4B2B-9F74-88283C74B48A}.Ad-Hoc|iPhone.ActiveCfg = Ad-Hoc|iPhone
		{43454378-5925-4B2B-9F74-88283C74B48A}.Ad-Hoc|iPhone.Build.0 = Ad-Hoc|iPhone
		{43454378-5925-4B2B-9F74-88283C74B48A}.Ad-Hoc|iPhoneSimulator.ActiveCfg = Ad-Hoc|iPhoneSimulator
		{43454378-5925-4B2B-9F74-88283C74B48A}.Ad-Hoc|iPhoneSimulator.Build.0 = Ad-Hoc|iPhoneSimulator
		{43454378-5925-4B2B-9F74-88283C74B48A}.AppStore|Any CPU.ActiveCfg = AppStore|iPhone
		{43454378-5925-4B2B-9F74-88283C74B48A}.AppStore|iPhone.ActiveCfg = AppStore|iPhone
		{43454378-5925-4B2B-9F74-88283C74B48A}.AppStore|iPhone.Build.0 = AppStore|iPhone
		{43454378-5925-4B2B-9F74-88283C74B48A}.AppStore|iPhoneSimulator.ActiveCfg = AppStore|iPhoneSimulator
		{43454378-5925-4B2B-9F74-88283C74B48A}.AppStore|iPhoneSimulator.Build.0 = AppStore|iPhoneSimulator
		{43454378-5925-4B2B-9F74-88283C74B48A}.Debug|Any CPU.ActiveCfg = Debug|iPhoneSimulator
		{43454378-5925-4B2B-9F74-88283C74B48A}.Debug|iPhone.ActiveCfg = Debug|iPhone
		{43454378-5925-4B2B-9F74-88283C74B48A}.Debug|iPhone.Build.0 = Debug|iPhone
		{43454378-5925-4B2B-9F74-88283C74B48A}.Debug|iPhoneSimulator.ActiveCfg = Debug|iPhoneSimulator
		{43454378-5925-4B2B-9F74-88283C74B48A}.Debug|iPhoneSimulator.Build.0 = Debug|iPhoneSimulator
		{43454378-5925-4B2B-9F74-88283C74B48A}.Release|Any CPU.ActiveCfg = Release|iPhone
		{43454378-5925-4B2B-9F74-88283C74B48A}.Release|iPhone.ActiveCfg = Release|iPhone
		{43454378-5925-4B2B-9F74-88283C74B48A}.Release|iPhone.Build.0 = Release|iPhone
		{43454378-5925-4B2B-9F74-88283C74B48A}.Release|iPhoneSimulator.ActiveCfg = Release|iPhoneSimulator
		{43454378-5925-4B2B-9F74-88283C74B48A}.Release|iPhoneSimulator.Build.0 = Release|iPhoneSimulator
		{73FCE1F7-E3D0-4F6D-B89A-E0BB7CE57361}.Ad-Hoc|Any CPU.ActiveCfg = Release|Any CPU
		{73FCE1F7-E3D0-4F6D-B89A-E0BB7CE57361}.Ad-Hoc|Any CPU.Build.0 = Release|Any CPU
		{73FCE1F7-E3D0-4F6D-B89A-E0BB7CE57361}.Ad-Hoc|iPhone.ActiveCfg = Release|Any CPU
		{73FCE1F7-E3D0-4F6D-B89A-E0BB7CE57361}.Ad-Hoc|iPhone.Build.0 = Release|Any CPU
		{73FCE1F7-E3D0-4F6D-B89A-E0BB7CE57361}.Ad-Hoc|iPhoneSimulator.ActiveCfg = Release|Any CPU
		{73FCE1F7-E3D0-4F6D-B89A-E0BB7CE57361}.Ad-Hoc|iPhoneSimulator.Build.0 = Release|Any CPU
		{73FCE1F7-E3D0-4F6D-B89A-E0BB7CE57361}.AppStore|Any CPU.ActiveCfg = Release|Any CPU
		{73FCE1F7-E3D0-4F6D-B89A-E0BB7CE57361}.AppStore|Any CPU.Build.0 = Release|Any CPU
		{73FCE1F7-E3D0-4F6D-B89A-E0BB7CE57361}.AppStore|iPhone.ActiveCfg = Release|Any CPU
		{73FCE1F7-E3D0-4F6D-B89A-E0BB7CE57361}.AppStore|iPhone.Build.0 = Release|Any CPU
		{73FCE1F7-E3D0-4F6D-B89A-E0BB7CE57361}.AppStore|iPhoneSimulator.ActiveCfg = Release|Any CPU
		{73FCE1F7-E3D0-4F6D-B89A-E0BB7CE57361}.AppStore|iPhoneSimulator.Build.0 = Release|Any CPU
		{73FCE1F7-E3D0-4F6D-B89A-E0BB7CE57361}.Debug|Any CPU.ActiveCfg = Debug|Any CPU
		{73FCE1F7-E3D0-4F6D-B89A-E0BB7CE57361}.Debug|iPhone.ActiveCfg = Debug|Any CPU
		{73FCE1F7-E3D0-4F6D-B89A-E0BB7CE57361}.Debug|iPhone.Build.0 = Debug|Any CPU
		{73FCE1F7-E3D0-4F6D-B89A-E0BB7CE57361}.Debug|iPhoneSimulator.ActiveCfg = Debug|Any CPU
		{73FCE1F7-E3D0-4F6D-B89A-E0BB7CE57361}.Debug|iPhoneSimulator.Build.0 = Debug|Any CPU
		{73FCE1F7-E3D0-4F6D-B89A-E0BB7CE57361}.Release|Any CPU.ActiveCfg = Release|Any CPU
		{73FCE1F7-E3D0-4F6D-B89A-E0BB7CE57361}.Release|Any CPU.Build.0 = Release|Any CPU
		{73FCE1F7-E3D0-4F6D-B89A-E0BB7CE57361}.Release|iPhone.ActiveCfg = Release|Any CPU
		{73FCE1F7-E3D0-4F6D-B89A-E0BB7CE57361}.Release|iPhone.Build.0 = Release|Any CPU
		{73FCE1F7-E3D0-4F6D-B89A-E0BB7CE57361}.Release|iPhoneSimulator.ActiveCfg = Release|Any CPU
		{73FCE1F7-E3D0-4F6D-B89A-E0BB7CE57361}.Release|iPhoneSimulator.Build.0 = Release|Any CPU
	EndGlobalSection
	GlobalSection(SolutionProperties) = preSolution
		HideSolutionNode = FALSE
	EndGlobalSection
	GlobalSection(ExtensibilityGlobals) = postSolution
		SolutionGuid = {E1615A7B-1E9B-417D-994C-97B369D65F67}
	EndGlobalSection
EndGlobal
